version = 1
revision = 3
requires-python = "==3.12.*"

[[package]]
name = "app"
version = "0.0.0"
source = { editable = "." }
dependencies = [
    { name = "structlog" },
]

[package.dev-dependencies]
dev = [
    { name = "deptry" },
    { name = "mypy" },
    { name = "pytest" },
    { name = "ruff" },
]

[package.metadata]
requires-dist = [{ name = "structlog", specifier = "==26.1.0" }]

[package.metadata.requires-dev]
dev = [
    { name = "deptry", specifier = "==0.25.1" },
    { name = "mypy", specifier = "==2.3.1" },
    { name = "pytest", specifier = "==9.1.1" },
    { name = "ruff", specifier = "==0.16.6" },
]

[[package]]
name = "ast-serialize"
version = "0.11.2"
source = { registry = "https://pypi.org/simple" }
sdist = { url = "https://files.pythonhosted.org/packages/54/1e/4f6082cdd6e5a29093513e9a3eabc5ed1c5331a9a84386b2fece80a00a48/ast_serialize-0.11.2.tar.gz", hash = "sha256:976a5bd75845d22f4b52905ddf53ab669ef1b14dba7735f5512841a2ef2b5450", size = 954387, upload-time = "2026-09-13T18:48:55.673Z" }
wheels = [
    { url = "https://files.pythonhosted.org/packages/0b/55/a1962188abf0e62d84d55892bb044347e434711763b9a1d4ad867a70c1be/ast_serialize-0.11.2-cp315-abi3.abi3t-macosx_10_12_x86_64.whl", hash = "sha256:ab924ba260efd7509492f272d4e236d24564033f20c005d7c63a107c6a76fc85", size = 1235457, upload-time = "2026-09-13T18:47:54.554Z" },
    { url = "https://files.pythonhosted.org/packages/2a/ad/439c2959150718446af76fbe2f4000f35eba9869ef8564f3d9a3d0b1c370/ast_serialize-0.11.2-cp315-abi3.abi3t-macosx_11_0_arm64.whl", hash = "sha256:a586be418eb70a9f1396cea29ddac8f4b9bf277fb73ea2340db31e218bc00f32", size = 1215705, upload-time = "2026-09-13T18:47:56.178Z" },
    { url = "https://files.pythonhosted.org/packages/6d/d8/2c6542fc3e7c56a0a25d8d12d034d5a2d2e1900e292567b1c1dca8e83124/ast_serialize-0.11.2-cp315-abi3.abi3t-manylinux_2_17_aarch64.manylinux2014_aarch64.whl", hash = "sha256:8532f20916fa3189d4d785ef2a62d93c4d651ec9c5bffda66d2fc36898351f34", size = 1282530, upload-time = "2026-09-13T18:47:57.619Z" },
    { url = "https://files.pythonhosted.org/packages/fa/ad/6f6755cd0842db46c3b10b1e4735f14aad78d71dea4753eb46933101711b/ast_serialize-0.11.2-cp315-abi3.abi3t-manylinux_2_17_armv7l.manylinux2014_armv7l.whl", hash = "sha256:ee732ae167e686d1d3c00f98d7d82b23138304694f0441b14d7ddf9c0f8a921c", size = 1287792, upload-time = "2026-09-13T18:47:59.227Z" },
    { url = "https://files.pythonhosted.org/packages/03/40/5da672f5dd23fb7dc0c884c97711e56a3540f2fe3c4355a81f8beb385911/ast_serialize-0.11.2-cp315-abi3.abi3t-manylinux_2_17_ppc64le.manylinux2014_ppc64le.whl", hash = "sha256:75a1c7f46b9c19fc0ae01ca6fd076301628faa2ed7a8edbd55c6353c483946a3", size = 1557971, upload-time = "2026-09-13T18:48:00.96Z" },
    { url = "https://files.pythonhosted.org/packages/df/c7/2bb25684f697801eb72866fdb94ed5edbff3867ce878b0e542a4a5b9dab9/ast_serialize-0.11.2-cp315-abi3.abi3t-manylinux_2_17_s390x.manylinux2014_s390x.whl", hash = "sha256:2fdf31a0bb85ea2575cc91669f005e6647d2efed491231c4dc1497bc9a5b3aa6", size = 1303230, upload-time = "2026-09-13T18:48:02.337Z" },
    { url = "https://files.pythonhosted.org/packages/d8/85/754681846f26e0ff1da729b1ffe3171e93c22f0aa6ec3cea5b14e3703846/ast_serialize-0.11.2-cp315-abi3.abi3t-manylinux_2_17_x86_64.manylinux2014_x86_64.whl", hash = "sha256:3b78e6fdef3b06c86ed263e1962fee5a7b9d2d158e738b212d13b2c605ee12f5", size = 1302271, upload-time = "2026-09-13T18:48:03.915Z" },
    { url = "https://files.pythonhosted.org/packages/fb/dc/f5521d8cb44b69095c3982ae3658a12c403e0efa19e51aeb9c8a79dff60c/ast_serialize-0.11.2-cp315-abi3.abi3t-manylinux_2_31_riscv64.whl", hash = "sha256:8d62a47714c8bc432b9fabcc29989c815c5da17327d35151f2fd0d85c2a7a5ff", size = 1309529, upload-time = "2026-09-13T18:48:05.562Z" },
    { url = "https://files.pythonhosted.org/packages/73/0d/649182c7fd7c4f782279bed514de2dd67e48a5afecb605a098d64fdc01fd/ast_serialize-0.11.2-cp315-abi3.abi3t-manylinux_2_5_i686.manylinux1_i686.whl", hash = "sha256:8a5ffa70e76191dcf240d3c43e20c93b3bfd26f54d89148c762d57837f5bcd2c", size = 1356869, upload-time = "2026-09-13T18:48:07.534Z" },
    { url = "https://files.pythonhosted.org/packages/bf/cc/aff4d84c16afa742d13a75384127c7d24594dc8c304f0558a15924fd51af/ast_serialize-0.11.2-cp315-abi3.abi3t-musllinux_1_2_aarch64.whl", hash = "sha256:bfbe47a3a7c368f28836e78b2440a3643ac0ec4c67d9fe53588e1448f0a3d35d", size = 1460006, upload-time = "2026-09-13T18:48:09.162Z" },
    { url = "https://files.pythonhosted.org/packages/94/a7/891cbec2e5e0d7159196159d3ff0646622f3120ff4576c839ac2dd56c719/ast_serialize-0.11.2-cp315-abi3.abi3t-musllinux_1_2_armv7l.whl", hash = "sha256:7f1823275b246f9c7d373be6879e4eec09686948895d4ad083f4b27fd7e4da70", size = 1562935, upload-time = "2026-09-13T18:48:10.978Z" },
    { url = "https://files.pythonhosted.org/packages/45/c4/2c8c4498340ea9aff87a9fd408309aa25d56dd51d7bbddfdb46a3c31424a/ast_serialize-0.11.2-cp315-abi3.abi3t-musllinux_1_2_i686.whl", hash = "sha256:57c0f5cb0021a5beb1e5e4d6e840ae2f23a28909703ef4d256a144cc1ad3d437", size = 1557109, upload-time = "2026-09-13T18:48:12.616Z" },
    { url = "https://files.pythonhosted.org/packages/0d/8b/c5d4e5226fa18885fe17f949aee3ab1aeb8389c384d946ec1b7c9489cc94/ast_serialize-0.11.2-cp315-abi3.abi3t-musllinux_1_2_ppc64le.whl", hash = "sha256:cd320a5c4f1f2742af97eea22954f776379175c5ef2504801e9a155f2ff9a4d7", size = 1691603, upload-time = "2026-09-13T18:48:14.293Z" },
    { url = "https://files.pythonhosted.org/packages/73/d6/1d2ca472586f9e3416a289a22f36eeb6dd6f47d77b1a4aba358405babbc7/ast_serialize-0.11.2-cp315-abi3.abi3t-musllinux_1_2_riscv64.whl", hash = "sha256:13b13afe32e845c86a573497729e1b7ddeb26c572c78bf50ece51da23b8fad5e", size = 1483053, upload-time = "2026-09-13T18:48:15.789Z" },
    { url = "https://files.pythonhosted.org/packages/0e/16/d3703a7c1e3c76b144ac9349a54d3926d0749918a8dc13a66cede208b8ec/ast_serialize-0.11.2-cp315-abi3.abi3t-musllinux_1_2_x86_64.whl", hash = "sha256:9d80a81ec84660422579bdb8e789f656a794b48c7a1ae1261f6bd8bc1897d17d", size = 1502499, upload-time = "2026-09-13T18:48:17.405Z" },
    { url = "https://files.pythonhosted.org/packages/2b/e4/d974e55c2e247ef26ed1df01c74940583db9a5b3a8bcaad5732c6e2047fb/ast_serialize-0.11.2-cp315-abi3.abi3t-win32.whl", hash = "sha256:af8c003ce721b0099dd55cef4ba733500fc3054ea0cc8565d8957aaf7cccdeb4", size = 1119739, upload-time = "2026-09-13T18:48:19.005Z" },
    { url = "https://files.pythonhosted.org/packages/0d/00/d229443488e095054d5e0c0cc20689a2633b899d735849ff1b2c8e4f0cbf/ast_serialize-0.11.2-cp315-abi3.abi3t-win_amd64.whl", hash = "sha256:554d117cb916d8032d85007c654d179efbbfd446174c048062778136a922944f", size = 1158602, upload-time = "2026-09-13T18:48:20.524Z" },
    { url = "https://files.pythonhosted.org/packages/11/75/389fc1a6cfa0c4b2ce522f47d8401329d8bb11732e516d46465960fef1d9/ast_serialize-0.11.2-cp315-abi3.abi3t-win_arm64.whl", hash = "sha256:d60515335750d431e462af6e722bb55720a5e7827192777bddfd9c4376065a4d", size = 1128842, upload-time = "2026-09-13T18:48:22.052Z" },
    { url = "https://files.pythonhosted.org/packages/b1/54/f67120006fc73a55b6d057d4662d061fbb4eceafce3047c76ca8b382eb11/ast_serialize-0.11.2-cp39-abi3-macosx_10_12_x86_64.whl", hash = "sha256:daadf1c3e0224621607ffe16f1379e4bd372271ed2e1db8a67878f0bab3ef7e4", size = 1240734, upload-time = "2026-09-13T18:48:25.287Z" },
    { url = "https://files.pythonhosted.org/packages/9a/7e/8f2ab68bddbe58a66fbbaad87beeae3e7d7edddb17263d1fc423936cf34d/ast_serialize-0.11.2-cp39-abi3-macosx_11_0_arm64.whl", hash = "sha256:1844ed9a487fb3de7325c52ddb33f2918b66b65cd54d3f8d83d23785ffe99fa4", size = 1228053, upload-time = "2026-09-13T18:48:26.788Z" },
    { url = "https://files.pythonhosted.org/packages/d2/1b/8a69ab68f4c1603819f0481d756abdd8caf27cec7f1d77caa71007ebe997/ast_serialize-0.11.2-cp39-abi3-manylinux_2_17_aarch64.manylinux2014_aarch64.whl", hash = "sha256:b17869f4ba261a5fa468a753328a548f4dbaf74b4eadae9e28aff66df7f1425b", size = 1292542, upload-time = "2026-09-13T18:48:28.295Z" },
    { url = "https://files.pythonhosted.org/packages/d1/ce/872f2e00f0467c289e483f0a34543463347243a2d0632748d89fcee5e0dc/ast_serialize-0.11.2-cp39-abi3-manylinux_2_17_armv7l.manylinux2014_armv7l.whl", hash = "sha256:feb16d9c2a720e0120c58dd5d6e7b3c7c86b43249b60a3bc212bcb8fa031e2dd", size = 1294791, upload-time = "2026-09-13T18:48:29.969Z" },
    { url = "https://files.pythonhosted.org/packages/3a/82/36277c12af861c64b375c316135d8feffe3f400568463a8d2b2de4c2c4fb/ast_serialize-0.11.2-cp39-abi3-manylinux_2_17_ppc64le.manylinux2014_ppc64le.whl", hash = "sha256:f3109fe4805384effc8d0f8e41fbf875aa8f389af91b4348c1cfb60ea6e4cb82", size = 1567583, upload-time = "2026-09-13T18:48:31.85Z" },
    { url = "https://files.pythonhosted.org/packages/b0/d7/ec643df91cea8bcbcb4e8011d6a8b08e5119b84f9554879f3e3c786d29d1/ast_serialize-0.11.2-cp39-abi3-manylinux_2_17_s390x.manylinux2014_s390x.whl", hash = "sha256:abdb3e49ba053c3486ac1263bee9f16cc9a4a8abd9f8c90bfc21e3669f3ad9d1", size = 1312878, upload-time = "2026-09-13T18:48:33.495Z" },
    { url = "https://files.pythonhosted.org/packages/04/6f/4c992cd7841ba589fefb14ddc9aff2f6db7f2a615d4074f9ad04115b5ce0/ast_serialize-0.11.2-cp39-abi3-manylinux_2_17_x86_64.manylinux2014_x86_64.whl", hash = "sha256:a7004ba572f09be34342ccb98dcd4bad5707d3d81adc8cb4c3f685d2a2c51bbc", size = 1312642, upload-time = "2026-09-13T18:48:35.294Z" },
    { url = "https://files.pythonhosted.org/packages/d5/e3/22aaa209c231a83cfea004fd67dee7a7a54da3f169c6c460b14b96887385/ast_serialize-0.11.2-cp39-abi3-manylinux_2_31_riscv64.whl", hash = "sha256:59c25f47524efa052971b860e128b1add0c94ede7dd16b2962952c85c3582365", size = 1319776, upload-time = "2026-09-13T18:48:36.866Z" },
    { url = "https://files.pythonhosted.org/packages/c1/f7/d4685fb54d10108ce44d3bc893ef670854d61645d47ed96d73524db90c23/ast_serialize-0.11.2-cp39-abi3-manylinux_2_5_i686.manylinux1_i686.whl", hash = "sha256:f3a367e0e05ed2d1b747ceb07aa728a8c204cc008b589127e9bd4f40053d7575", size = 1365324, upload-time = "2026-09-13T18:48:38.412Z" },
    { url = "https://files.pythonhosted.org/packages/42/3a/250643ffad02bda520c50a9a5f02a5d43259a06f34ce393c91761d134d7e/ast_serialize-0.11.2-cp39-abi3-musllinux_1_2_aarch64.whl", hash = "sha256:00bbf1f6669f813b48925b759f7ae4591067d456d443924055cab386e7e0a719", size = 1467653, upload-time = "2026-09-13T18:48:40.348Z" },
    { url = "https://files.pythonhosted.org/packages/c7/da/af66a646b9b7f8fdec95ce83fc7b1fe538b06864bc79bd554ac4fae2e6ea/ast_serialize-0.11.2-cp39-abi3-musllinux_1_2_armv7l.whl", hash = "sha256:ec1c20f89c3e0d83576e3c06f79375ce936266591fe0d5fd969914af3185cbaa", size = 1571914, upload-time = "2026-09-13T18:48:41.968Z" },
    { url = "https://files.pythonhosted.org/packages/34/82/77a9714564b9e8800087a8afec41527c65c39e49282baae2ac847b9c1c6a/ast_serialize-0.11.2-cp39-abi3-musllinux_1_2_i686.whl", hash = "sha256:c58bb119b73657fdc5569692f316e1e25ca114bd62f7782eb527c6be438ba3a9", size = 1569862, upload-time = "2026-09-13T18:48:43.701Z" },
    { url = "https://files.pythonhosted.org/packages/65/06/fa77b52f46b9bd6dcd8ff2b880e3781f8c1a316bb1342bc3de92907c6f96/ast_serialize-0.11.2-cp39-abi3-musllinux_1_2_ppc64le.whl", hash = "sha256:f739e0b601be7300c5697a2573d9200bd1db74b34ab111ef9537b9d5dcd7f106", size = 1699020, upload-time = "2026-09-13T18:48:45.261Z" },
    { url = "https://files.pythonhosted.org/packages/e1/09/239c83153c7e0798e5867d6909cb06f53dccfef02f6999c8e2e21ecb98c3/ast_serialize-0.11.2-cp39-abi3-musllinux_1_2_riscv64.whl", hash = "sha256:cae5addfbb54cc1d47fe947ef9138e9d83849ed1cbc72b819cf36d96a2315b07", size = 1492869, upload-time = "2026-09-13T18:48:46.922Z" },
    { url = "https://files.pythonhosted.org/packages/2f/eb/6108fb9a43fc7ab5529856e38e33c6e3e064fbfe375fdcbb208c7cd5438d/ast_serialize-0.11.2-cp39-abi3-musllinux_1_2_x86_64.whl", hash = "sha256:2fa3be25f7f5351b1b39c9f8a52779b2dbf21199efbae564b4746422e8edca4e", size = 1511621, upload-time = "2026-09-13T18:48:48.667Z" },
    { url = "https://files.pythonhosted.org/packages/8a/82/60367e58ef346a41ebc90d3f28593c1b8f5c2cb5314c7b2bbd98910ee131/ast_serialize-0.11.2-cp39-abi3-win32.whl", hash = "sha256:d70556a2f9230a44c99a655774cde823f056efc34466eabfb4085f0cb1ea9f99", size = 1125873, upload-time = "2026-09-13T18:48:50.661Z" },
    { url = "https://files.pythonhosted.org/packages/23/bf/b419c3205ce1143ba7c69baef4f0ba43c14d8712113bf34f9e0d27d609be/ast_serialize-0.11.2-cp39-abi3-win_amd64.whl", hash = "sha256:b9065dd23131a23b41f5bab3bf4e9b3c350a3fe8e36e8200eded9b729fcea484", size = 1165434, upload-time = "2026-09-13T18:48:52.169Z" },
    { url = "https://files.pythonhosted.org/packages/91/a7/c8bbb2173f7a7131b3b2412035b2d814ab5ef2ce9799bd06f07c451640e4/ast_serialize-0.11.2-cp39-abi3-win_arm64.whl", hash = "sha256:dab599cbdcb7b45b18c41fad746645580b3a24357082b7f0e8921cd373804f27", size = 1136031, upload-time = "2026-09-13T18:48:54.04Z" },
]

[[package]]
name = "click"
version = "8.5.0"
source = { registry = "https://pypi.org/simple" }
sdist = { url = "https://files.pythonhosted.org/packages/c7/0e/7fa0ef50764b67090eca4114772a2abf8b6148198475e54c660b97caeee6/click-8.5.0.tar.gz", hash = "sha256:ba0d2089de75ea0310e2dde03160e6ca10009947fb95a182f9b54021bb272e34", size = 382235, upload-time = "2026-08-26T13:33:14.56Z" }
wheels = [
    { url = "https://files.pythonhosted.org/packages/58/50/6c0d534c5f134586a8e1ba4e330569e32f057e33372ae556463212fb4cd3/click-8.5.0-py3-none-any.whl", hash = "sha256:255bc9599cf7748b4b1a446ccc735421bd08a2ae529a8b88597d3de5664ee360", size = 125251, upload-time = "2026-08-26T13:33:12.928Z" },
]

[[package]]
name = "colorama"
version = "0.4.6"
source = { registry = "https://pypi.org/simple" }
sdist = { url = "https://files.pythonhosted.org/packages/d8/53/6f443c9a4a8358a93a6792e2acffb9d9d5cb0a5cfd8802644b7b1c9a02e4/colorama-0.4.6.tar.gz", hash = "sha256:08695f5cb7ed6e0531a20572697297273c47b8cae5a63ffc6d6ed5c201be6e44", size = 27697, upload-time = "2022-10-25T02:36:22.414Z" }
wheels = [
    { url = "https://files.pythonhosted.org/packages/d1/d6/3965ed04c63042e047cb6a3e6ed1a63a35087b6a609aa3a15ed8ac56c221/colorama-0.4.6-py2.py3-none-any.whl", hash = "sha256:4f1d9991f5acc0ca119f9d443620b77f9d6b33703e51011c16baf57afb285fc6", size = 25335, upload-time = "2022-10-25T02:36:20.889Z" },
]

[[package]]
name = "deptry"
version = "0.25.1"
source = { registry = "https://pypi.org/simple" }
dependencies = [
    { name = "click" },
    { name = "colorama", marker = "sys_platform == 'win32'" },
    { name = "packaging" },
    { name = "requirements-parser" },
    { name = "tomli" },
]
sdist = { url = "https://files.pythonhosted.org/packages/b8/b2/50ccc99362ae7757342978b7ecb3b98e47fade721fd617d74db1948ec3a1/deptry-0.25.1.tar.gz", hash = "sha256:45c8cd982c85cd4faae573ddff6920de7eec735336db6973f26a765ae7950f7d", size = 509748, upload-time = "2026-03-18T23:22:18.139Z" }
wheels = [
    { url = "https://files.pythonhosted.org/packages/33/1d/b538dc635e873b25360d761cfe1fa0ccd7d6c69b698047e552f33401e60d/deptry-0.25.1-cp310-abi3-macosx_10_12_x86_64.whl", hash = "sha256:a4dd1148db24a1ddacfa8b840836c6019c2f864fcb7579dd089fd217606338c8", size = 1850319, upload-time = "2026-03-18T23:22:15.65Z" },
    { url = "https://files.pythonhosted.org/packages/fe/a9/511477a8f0ae4f6021d68a80bdca77e7ffb0722008dc24ee5d9ef49f5c88/deptry-0.25.1-cp310-abi3-macosx_11_0_arm64.whl", hash = "sha256:c67c666d916ef12013c0772e40d78be0f21577a495d8d99ec5fcb18c332d393d", size = 1759259, upload-time = "2026-03-18T23:22:30.853Z" },
    { url = "https://files.pythonhosted.org/packages/4f/4b/c9f0bdda410912a6df79a789cb118fa29acae02a397794ead3c84adcda5c/deptry-0.25.1-cp310-abi3-manylinux_2_17_aarch64.manylinux2014_aarch64.whl", hash = "sha256:58d39279828dbf4efc1abb40bf50a71b21499c36759bed5a8d8a3c0e3149b091", size = 1872012, upload-time = "2026-03-18T23:22:19.145Z" },
    { url = "https://files.pythonhosted.org/packages/72/9c/6f6f9125bac74b5d5d2af89536cbdb3fa159b6466aa097b74e7e85e8e030/deptry-0.25.1-cp310-abi3-manylinux_2_17_x86_64.manylinux2014_x86_64.whl", hash = "sha256:14bfcc28b4326ed8c6abb30691b19077d4ef8613cfba6c37ef5b1f471775bf6f", size = 1926575, upload-time = "2026-03-18T23:22:11.269Z" },
    { url = "https://files.pythonhosted.org/packages/52/48/2a5e705a7f898295966ade67bd1223e2af96da433e25b39f6b9483ba2c7b/deptry-0.25.1-cp310-abi3-musllinux_1_1_aarch64.whl", hash = "sha256:555f5f9a487899ec9bf301eecba1745e14d212c4b354f4d3a5fd691e907366d3", size = 2050816, upload-time = "2026-03-18T23:22:27.439Z" },
    { url = "https://files.pythonhosted.org/packages/5f/c6/50f189a894e1f3bf21266299112c8a06cb731838976e1b9a9cadd0b4a86e/deptry-0.25.1-cp310-abi3-musllinux_1_1_x86_64.whl", hash = "sha256:18d21b3545ab2bfec53f3f45c6f5f201d55f713323327f8d12674505469ae6b7", size = 2145416, upload-time = "2026-03-18T23:22:24.682Z" },
    { url = "https://files.pythonhosted.org/packages/7a/6a/3f82f7a06217778282bc4456af1b4ffb3bc4b2c8e7891d00e8323f9ad0b8/deptry-0.25.1-cp310-abi3-win_amd64.whl", hash = "sha256:b59a560cb7dffb21832a98bb80d33d614cfb5630ea36ce21833eabf4eae3df99", size = 1718489, upload-time = "2026-03-18T23:22:28.589Z" },
    { url = "https://files.pythonhosted.org/packages/c7/7f/cd6b3ac8cf95f2f1c5c7a74ff6452e9098af89a9b56607381f677880641e/deptry-0.25.1-cp310-abi3-win_arm64.whl", hash = "sha256:6efffd8116fb9d2c45a251382ce4ce1c38dbb17179f581ec9231ed5390f7fc12", size = 1647020, upload-time = "2026-03-18T23:22:23.311Z" },
]

[[package]]
name = "iniconfig"
version = "2.3.0"
source = { registry = "https://pypi.org/simple" }
sdist = { url = "https://files.pythonhosted.org/packages/72/34/14ca021ce8e5dfedc35312d08ba8bf51fdd999c576889fc2c24cb97f4f10/iniconfig-2.3.0.tar.gz", hash = "sha256:c76315c77db068650d49c5b56314774a7804df16fee4402c1f19d6d15d8c4730", size = 20503, upload-time = "2025-10-18T21:55:43.219Z" }
wheels = [
    { url = "https://files.pythonhosted.org/packages/cb/b1/3846dd7f199d53cb17f49cba7e651e9ce294d8497c8c150530ed11865bb8/iniconfig-2.3.0-py3-none-any.whl", hash = "sha256:f631c04d2c48c52b84d0d0549c99ff3859c98df65b3101406327ecc7d53fbf12", size = 7484, upload-time = "2025-10-18T21:55:41.639Z" },
]

[[package]]
name = "librt"
version = "0.16.0"
source = { registry = "https://pypi.org/simple" }
sdist = { url = "https://files.pythonhosted.org/packages/04/f5/9dc696772d241814bacac7880bac32f2930b5a6ebc1f85317b83161a011c/librt-0.16.0.tar.gz", hash = "sha256:ac38d6d8d66bf3d744148dbbc0b8e193e195a51e364ed55e224631f5721891fc", size = 219839, upload-time = "2026-09-29T00:55:32.891Z" }
wheels = [
    { url = "https://files.pythonhosted.org/packages/ad/76/bbdaeb87b7c47b5c7343e90222b9bfa4e4a8a83f647e02933ad0129225b1/librt-0.16.0-cp312-cp312-macosx_10_13_x86_64.whl", hash = "sha256:fe52bf4641069e7978a14253b036cb9002def1926317e710f2e249f8a8c47742", size = 151028, upload-time = "2026-09-29T00:52:41.508Z" },
    { url = "https://files.pythonhosted.org/packages/fd/0c/ab8ed3dab0085931aec4a792c7eaac8dc6c5ff4691fda3a5360d9d8a9cd2/librt-0.16.0-cp312-cp312-macosx_11_0_arm64.whl", hash = "sha256:5bcc2c4726ced915b00de0c9856a4eeabfb3fddb93e10e0b8f735b7709358b6d", size = 155283, upload-time = "2026-09-29T00:52:42.873Z" },
    { url = "https://files.pythonhosted.org/packages/eb/36/494e79d460c80c1f030661e8287c9eca5e1ad652dc2b2180b6cd42abce0a/librt-0.16.0-cp312-cp312-manylinux2014_aarch64.manylinux_2_17_aarch64.manylinux_2_28_aarch64.whl", hash = "sha256:ff7baa55f8e7c69851419e50a666015d02a74198716fd45c0125a2112e0a389f", size = 503185, upload-time = "2026-09-29T00:52:44.638Z" },
    { url = "https://files.pythonhosted.org/packages/9b/34/a8464038dd9db6e4381fa2b6eb73dc9a50888d77102c4c139304ac35cddc/librt-0.16.0-cp312-cp312-manylinux2014_i686.manylinux_2_17_i686.manylinux_2_28_i686.whl", hash = "sha256:b95d5d92ab83d39e760a52091bb1baba664f3a2351e39b1e16801e5747c2f0e9", size = 496738, upload-time = "2026-09-29T00:52:46.441Z" },
    { url = "https://files.pythonhosted.org/packages/6a/53/e0e5e334ef0c6ed27039d323819368b9ef6712be87d55ee2bf9799398afd/librt-0.16.0-cp312-cp312-manylinux2014_ppc64le.manylinux_2_17_ppc64le.manylinux_2_28_ppc64le.whl", hash = "sha256:b6d085d70bce51d43c5c7c36d63490770180d8779e71c49305c87b4213918de7", size = 513818, upload-time = "2026-09-29T00:52:48.068Z" },
    { url = "https://files.pythonhosted.org/packages/ad/f7/7ce72cbf19d0addd05090b339152fd0548a02562c2866a603e6e3b3da2df/librt-0.16.0-cp312-cp312-manylinux2014_x86_64.manylinux_2_17_x86_64.manylinux_2_28_x86_64.whl", hash = "sha256:36e53948e99bbe3ffea257124cfcae1cfb01831555c9a9c903c9f9a72db7fd07", size = 531952, upload-time = "2026-09-29T00:52:49.816Z" },
    { url = "https://files.pythonhosted.org/packages/83/22/0b1bcb6a8e723c8b4fd60dfc8ae8ec6461c54073fbc8685efeb8d900d407/librt-0.16.0-cp312-cp312-manylinux_2_34_riscv64.manylinux_2_39_riscv64.whl", hash = "sha256:54d11f726aae9df5a6ffbbf0a03a52449bbac84a53ef03669cb41cdfd4ae41bf", size = 524465, upload-time = "2026-09-29T00:52:51.354Z" },
    { url = "https://files.pythonhosted.org/packages/64/2e/e9c23b8b9df1813da1be205deca9606beb7ddd033972246cd426d05374a0/librt-0.16.0-cp312-cp312-musllinux_1_2_aarch64.whl", hash = "sha256:4323193ac0cd025f85af531df8ba91bf24d1973b401697347a6282e8fd3fcf5e", size = 543191, upload-time = "2026-09-29T00:52:53.284Z" },
    { url = "https://files.pythonhosted.org/packages/bc/e5/6a8b21b342c03ed7e230fa3afbfd2edc58e6e87ef1f0d11fa2b9a748c252/librt-0.16.0-cp312-cp312-musllinux_1_2_i686.whl", hash = "sha256:e42f8e098b9c5396fefa05fb1cc7e33b0e08fc51da106b5de4a45fd22aac6743", size = 546979, upload-time = "2026-09-29T00:52:54.932Z" },
    { url = "https://files.pythonhosted.org/packages/84/9e/b5129023eced1be01e01c22757f53be551d463b1bb7264f787927404c1d6/librt-0.16.0-cp312-cp312-musllinux_1_2_ppc64le.whl", hash = "sha256:39ec1d5a14e37baf1450a6cabf03fe552340808bf1ad9d71824ab90117716459", size = 555317, upload-time = "2026-09-29T00:52:56.869Z" },
    { url = "https://files.pythonhosted.org/packages/71/89/28bba5938c725fe91f06bf93f7fa6c6b150229df53a87b454b0d5c2a796e/librt-0.16.0-cp312-cp312-musllinux_1_2_riscv64.whl", hash = "sha256:d1aabe3925cbb4a08d15b7b20ba4011b53019da0c4173a25155139b7b1baed65", size = 535846, upload-time = "2026-09-29T00:52:58.475Z" },
    { url = "https://files.pythonhosted.org/packages/22/92/63773026614f888c5d4e370e395ce42ca604b89f70b3acdfedbf94851b80/librt-0.16.0-cp312-cp312-musllinux_1_2_x86_64.whl", hash = "sha256:300c3ffdc459f4a779a8411ecb188e3ac0b1ff3a3a7b099642555dedae06c69b", size = 573700, upload-time = "2026-09-29T00:53:00.127Z" },
    { url = "https://files.pythonhosted.org/packages/66/8f/347d4677eefb57cd9f8e01d95a1dcee9a91b4e44e664173c32ff6f3752e5/librt-0.16.0-cp312-cp312-win32.whl", hash = "sha256:c17194318e4c0c0348b36f36c2ec7534436fe0a4c15582403162a4f08c80797a", size = 106158, upload-time = "2026-09-29T00:53:02.031Z" },
    { url = "https://files.pythonhosted.org/packages/f0/2c/5193dc81127cd5ddfad031391b046bf32dda219b38463ab872407ca30646/librt-0.16.0-cp312-cp312-win_amd64.whl", hash = "sha256:25a58a19ea8d83b68209f04912df765e9260635ef77646542ed4b4abe6bc7940", size = 126176, upload-time = "2026-09-29T00:53:03.445Z" },
    { url = "https://files.pythonhosted.org/packages/ff/3d/9668a400c8dd81d162eba38b33fa49fa6205f1a64493570a13fbb815c3ee/librt-0.16.0-cp312-cp312-win_arm64.whl", hash = "sha256:f7be7cf555bc30ec12622e9447299cc4a9b8ff307548b634794353db0c2065dc", size = 116572, upload-time = "2026-09-29T00:53:04.815Z" },
]

[[package]]
name = "mypy"
version = "2.3.1"
source = { registry = "https://pypi.org/simple" }
dependencies = [
    { name = "ast-serialize" },
    { name = "librt", marker = "platform_python_implementation != 'PyPy'" },
    { name = "mypy-extensions" },
    { name = "pathspec" },
    { name = "typing-extensions" },
]
sdist = { url = "https://files.pythonhosted.org/packages/82/6a/878cc1097d4035f82bd516658d0c528d2a9955bc7b363afcbd0b07fea11b/mypy-2.3.1.tar.gz", hash = "sha256:47c1b1207258513a9d93495f69c8be9de73916186f0e52703e8c461b7a623419", size = 3992554, upload-time = "2026-08-15T03:03:38.549Z" }
wheels = [
    { url = "https://files.pythonhosted.org/packages/85/da/d6effc4f808a842d91edc22535dc9e799d2ff6e91449168b7f47a0771f54/mypy-2.3.1-cp312-cp312-macosx_11_0_arm64.whl", hash = "sha256:a32bbbb940af990d3be0b8af321c7b6815bb1b3b48142fe7459b9cc5f58959ff", size = 14047547, upload-time = "2026-08-15T03:02:57.707Z" },
    { url = "https://files.pythonhosted.org/packages/e4/e6/478229701dab76f26485fc8ff5d6f241f393da22447400bbc56f6946aebe/mypy-2.3.1-cp312-cp312-manylinux2014_aarch64.manylinux_2_17_aarch64.manylinux_2_28_aarch64.whl", hash = "sha256:ff715e45b2231a8e85de1d163d1b42791e4d7aab8f5145f85fee1b710b735aff", size = 14216515, upload-time = "2026-08-15T03:01:26.496Z" },
    { url = "https://files.pythonhosted.org/packages/8d/fe/7c42327a3b21e84681f691982cbfe43f334a3685f3b683b72c376476c4fa/mypy-2.3.1-cp312-cp312-manylinux2014_x86_64.manylinux_2_17_x86_64.manylinux_2_28_x86_64.whl", hash = "sha256:858fc57d3d91fa728e33e7ad71def60fc6272694607b306cd3292db53ae39080", size = 15307789, upload-time = "2026-08-15T03:03:31.62Z" },
    { url = "https://files.pythonhosted.org/packages/59/f4/7e597edbe01b5a56fa958ce541302dcaabfed979966f1dffedbea0ea0fc2/mypy-2.3.1-cp312-cp312-musllinux_1_2_x86_64.whl", hash = "sha256:851833db876e7b650f93719c74b7879a08e338979c96054fdfc3bfd90a486355", size = 15548831, upload-time = "2026-08-15T03:03:15.55Z" },
    { url = "https://files.pythonhosted.org/packages/a3/52/cb31e084bc0314a1e384bdd677a4b80e55af04ccac077545e2238b9d320a/mypy-2.3.1-cp312-cp312-win_amd64.whl", hash = "sha256:4c5095a327483591c94e0c8d3ef9e50d4ab1369b541eae007c1f23bc2a41f6bb", size = 11226359, upload-time = "2026-08-15T03:03:29.002Z" },
    { url = "https://files.pythonhosted.org/packages/7a/47/88fcf6217b43fa2da81a8c2611370af18141536a4f0294bbf98b457d456d/mypy-2.3.1-cp312-cp312-win_arm64.whl", hash = "sha256:bbfe022634a2a195406bd469e888d2eaf193b02ba7e607391cd7640374aaae3b", size = 10214707, upload-time = "2026-08-15T03:02:48.807Z" },
    { url = "https://files.pythonhosted.org/packages/8e/41/9675c7a1e78edecfba0b79e587a52594c56e189368261dc7b3a7fffb9527/mypy-2.3.1-py3-none-any.whl", hash = "sha256:6ed5c7e3419083268e5c9258bd1c1ef91af44a9e89374dbcaf37b775716e72eb", size = 2754338, upload-time = "2026-08-15T03:02:53.4Z" },
]

[[package]]
name = "mypy-extensions"
version = "1.1.0"
source = { registry = "https://pypi.org/simple" }
sdist = { url = "https://files.pythonhosted.org/packages/a2/6e/371856a3fb9d31ca8dac321cda606860fa4548858c0cc45d9d1d4ca2628b/mypy_extensions-1.1.0.tar.gz", hash = "sha256:52e68efc3284861e772bbcd66823fde5ae21fd2fdb51c62a211403730b916558", size = 6343, upload-time = "2025-04-22T14:54:24.164Z" }
wheels = [
    { url = "https://files.pythonhosted.org/packages/79/7b/2c79738432f5c924bef5071f933bcc9efd0473bac3b4aa584a6f7c1c8df8/mypy_extensions-1.1.0-py3-none-any.whl", hash = "sha256:1be4cccdb0f2482337c4743e60421de3a356cd97508abadd57d47403e94f5505", size = 4963, upload-time = "2025-04-22T14:54:22.983Z" },
]

[[package]]
name = "packaging"
version = "26.3"
source = { registry = "https://pypi.org/simple" }
sdist = { url = "https://files.pythonhosted.org/packages/7d/fa/3944b40b07da9ce895c0e6303a5ab7d53da063554f534556b134a54d6093/packaging-26.3.tar.gz", hash = "sha256:94edc256424af38762eb31306eed28beb9f0efc50a8837492c9d6fd6004aed79", size = 313412, upload-time = "2026-08-04T18:15:28.737Z" }
wheels = [
    { url = "https://files.pythonhosted.org/packages/63/34/ba1c580383c9eada3711951fef0795c80b829a078d72188184bcab9dd527/packaging-26.3-py3-none-any.whl", hash = "sha256:d7193f7c8e4e93f444fde0262bf90af30e16fa0ad0ad44cb553c87339b23cd1c", size = 129956, upload-time = "2026-08-04T18:15:27.159Z" },
]

[[package]]
name = "pathspec"
version = "1.1.1"
source = { registry = "https://pypi.org/simple" }
sdist = { url = "https://files.pythonhosted.org/packages/5a/82/42f767fc1c1143d6fd36efb827202a2d997a375e160a71eb2888a925aac1/pathspec-1.1.1.tar.gz", hash = "sha256:17db5ecd524104a120e173814c90367a96a98d07c45b2e10c2f3919fff91bf5a", size = 135180, upload-time = "2026-04-27T01:46:08.907Z" }
wheels = [
    { url = "https://files.pythonhosted.org/packages/f1/d9/7fb5aa316bc299258e68c73ba3bddbc499654a07f151cba08f6153988714/pathspec-1.1.1-py3-none-any.whl", hash = "sha256:a00ce642f577bf7f473932318056212bc4f8bfdf53128c78bbd5af0b9b20b189", size = 57328, upload-time = "2026-04-27T01:46:07.06Z" },
]

[[package]]
name = "pluggy"
version = "1.6.0"
source = { registry = "https://pypi.org/simple" }
sdist = { url = "https://files.pythonhosted.org/packages/f9/e2/3e91f31a7d2b083fe6ef3fa267035b518369d9511ffab804f839851d2779/pluggy-1.6.0.tar.gz", hash = "sha256:7dcc130b76258d33b90f61b658791dede3486c3e6bfb003ee5c9bfb396dd22f3", size = 69412, upload-time = "2025-05-15T12:30:07.975Z" }
wheels = [
    { url = "https://files.pythonhosted.org/packages/54/20/4d324d65cc6d9205fabedc306948156824eb9f0ee1633355a8f7ec5c66bf/pluggy-1.6.0-py3-none-any.whl", hash = "sha256:e920276dd6813095e9377c0bc5566d94c932c33b27a3e3945d8389c374dd4746", size = 20538, upload-time = "2025-05-15T12:30:06.134Z" },
]

[[package]]
name = "pygments"
version = "2.21.0"
source = { registry = "https://pypi.org/simple" }
sdist = { url = "https://files.pythonhosted.org/packages/49/2e/ced460408999b33da6b31b0021b0f37d329e202d4169aeb164493778f25b/pygments-2.21.0.tar.gz", hash = "sha256:610ca751c9bc2492b38eb9a38a7fbc93edbbb2d7182edaf34e66ae493dee5c8c", size = 5005329, upload-time = "2026-08-17T08:02:48.824Z" }
wheels = [
    { url = "https://files.pythonhosted.org/packages/71/46/17f022dd3e953bf20a04a028a21ec746d942f8d2af30fa0f124fa0e6a684/pygments-2.21.0-py3-none-any.whl", hash = "sha256:2363c69b61c4a97c838da3b130dcd6468f4848992b21a82f2a63ec34377137d9", size = 1250147, upload-time = "2026-08-17T08:02:44.912Z" },
]

[[package]]
name = "pytest"
version = "9.1.1"
source = { registry = "https://pypi.org/simple" }
dependencies = [
    { name = "colorama", marker = "sys_platform == 'win32'" },
    { name = "iniconfig" },
    { name = "packaging" },
    { name = "pluggy" },
    { name = "pygments" },
]
sdist = { url = "https://files.pythonhosted.org/packages/e4/47/b9efed96c114afcfa3c9d3fe98a76a1d14c74a9e266d397cf6eb64be5e01/pytest-9.1.1.tar.gz", hash = "sha256:1088fbde8f2b49d95a549a195707afa7a76a3ce9bcadc26b6d71f0ffda5fe313", size = 1636369, upload-time = "2026-06-19T10:58:32.857Z" }
wheels = [
    { url = "https://files.pythonhosted.org/packages/24/25/1de2678b631f5a49215c6c96fff41ba892b0a34df68d6d80292b1b48aa7f/pytest-9.1.1-py3-none-any.whl", hash = "sha256:37a86b45efb9a47a61a36449063e8e18d0cab3161329fc099eb21783169c4f0c", size = 386536, upload-time = "2026-06-19T10:58:31.347Z" },
]

[[package]]
name = "requirements-parser"
version = "0.13.1"
source = { registry = "https://pypi.org/simple" }
dependencies = [
    { name = "packaging" },
]
sdist = { url = "https://files.pythonhosted.org/packages/89/1a/5f3c22d38bf1d87d1f4a961489d9eba35c4370a21395562d94410cdd0e73/requirements_parser-0.13.1.tar.gz", hash = "sha256:78811383b2089b6c5197a1431bc2c12ff950245edca39a23eea3460782038dd3", size = 22783, upload-time = "2026-06-18T07:52:25.291Z" }
wheels = [
    { url = "https://files.pythonhosted.org/packages/bb/f9/15b44d5e4401b0013bbcefe3c09d7bfddcce28cc3d41b1d3077bcedf5b1f/requirements_parser-0.13.1-py3-none-any.whl", hash = "sha256:6e385663eb32589d16e5b22bb6e5251a57908e73803ffff438b53cd6ea2056e0", size = 14926, upload-time = "2026-06-18T07:52:24.171Z" },
]

[[package]]
name = "ruff"
version = "0.16.6"
source = { registry = "https://pypi.org/simple" }
sdist = { url = "https://files.pythonhosted.org/packages/a4/7c/6adb35d70e7c027e308274557901c7e00fb3407750faf3620c184ae058cb/ruff-0.16.6.tar.gz", hash = "sha256:dcf8a73d2ff77e99dde91244b4da16feba7f14e6beeb4015dee7c5a909e99050", size = 4921251, upload-time = "2026-09-03T16:57:29.037Z" }
wheels = [
    { url = "https://files.pythonhosted.org/packages/a4/28/9cc1b79639e284ec103f43c88c644db4eb58cbd0ea1ca11f1193435369ac/ruff-0.16.6-py3-none-linux_armv6l.whl", hash = "sha256:61c368c26bf8e973e5ab14a2772de587bc068ea3f9a277f673380749b4898fb8", size = 10015638, upload-time = "2026-09-03T16:56:40.986Z" },
    { url = "https://files.pythonhosted.org/packages/71/11/627d342ef727ea7794edf74fe23d60a074b02c3acc2e9436684e782286ca/ruff-0.16.6-py3-none-macosx_10_12_x86_64.whl", hash = "sha256:ecf4f068e2e123e43a26e9db4e19524cc56563912404e83bbfca375757e45a32", size = 10220762, upload-time = "2026-09-03T16:56:44.681Z" },
    { url = "https://files.pythonhosted.org/packages/43/d9/b75668ce41e4c8d073d18d6d08672ba6906ce45d5c06ea4fdb2e84ce3853/ruff-0.16.6-py3-none-macosx_11_0_arm64.whl", hash = "sha256:99b62ea33baf130f50368798d841f0d95527b6d817bf31817b65dd058f1d314c", size = 9835082, upload-time = "2026-09-03T16:56:47.142Z" },
    { url = "https://files.pythonhosted.org/packages/99/97/123ab10b05cde889c107c20f5a9774955104b5552796a2a8584b089ae8eb/ruff-0.16.6-py3-none-manylinux_2_17_aarch64.manylinux2014_aarch64.whl", hash = "sha256:7fbf89013f2bb3f6835a6038ff658dc8a1b38c98dc8e724b964168ad4e881876", size = 9949304, upload-time = "2026-09-03T16:56:49.813Z" },
    { url = "https://files.pythonhosted.org/packages/3e/58/a4a2c59dd2e5b85929c912d9cac3056eb9ee8c7e75e9b9fe3e109174966b/ruff-0.16.6-py3-none-manylinux_2_17_armv7l.manylinux2014_armv7l.whl", hash = "sha256:56a67065e22efa6bc4d498299d3bb06c0c90aace8fac2068b5a12f9dc4d8d51d", size = 9840612, upload-time = "2026-09-03T16:56:52.368Z" },
    { url = "https://files.pythonhosted.org/packages/61/6a/ff8c8626a786c4f49d48ced4a752dadbca65f5263005f9c2416578194694/ruff-0.16.6-py3-none-manylinux_2_17_i686.manylinux2014_i686.whl", hash = "sha256:e25cc89174874b176a157e4428d66761c2c0c006654419bf384f967f361ff1b1", size = 10543465, upload-time = "2026-09-03T16:56:55.089Z" },
    { url = "https://files.pythonhosted.org/packages/ad/bb/c47535923365f337b82e28192e4e9eef2176511007cfd99a62fc22df5dad/ruff-0.16.6-py3-none-manylinux_2_17_ppc64le.manylinux2014_ppc64le.whl", hash = "sha256:0700580ed5303723cb3c11c2f1d2a8913ce77b7ea86646dddb887f5417a9ba70", size = 11267576, upload-time = "2026-09-03T16:56:57.791Z" },
    { url = "https://files.pythonhosted.org/packages/ba/50/e5119a5212b5cd63b51e1f4b25e7bd636a6668fc069a3160b108ad7e3c16/ruff-0.16.6-py3-none-manylinux_2_17_s390x.manylinux2014_s390x.whl", hash = "sha256:15f1d0b6e165a6e56567befb6629f8209271311d990bae0f37e6d065035ef5f3", size = 10781993, upload-time = "2026-09-03T16:57:00.666Z" },
    { url = "https://files.pythonhosted.org/packages/8b/98/083d8b4ef3c51a0d19db84367791cbe9f44e4b53343d19dfa83556e1cd9a/ruff-0.16.6-py3-none-manylinux_2_17_x86_64.manylinux2014_x86_64.whl", hash = "sha256:d72c591a96986ee4268860e2b7235082129ca5e4cb9cbba653a4b57c11893757", size = 10317748, upload-time = "2026-09-03T16:57:03.428Z" },
    { url = "https://files.pythonhosted.org/packages/9a/29/68f7ff2c5ad95f19f00627ac2de95644e25fe47371ea60b2db1fd952315e/ruff-0.16.6-py3-none-manylinux_2_31_riscv64.whl", hash = "sha256:65a006baa18f33324325814c864daef03541d51564b98c517610ea756ab7003e", size = 10540096, upload-time = "2026-09-03T16:57:06.182Z" },
    { url = "https://files.pythonhosted.org/packages/c4/f9/79a8f6de85968641d68a7863aeec577551924ef066a990a48ff93167beab/ruff-0.16.6-py3-none-musllinux_1_2_aarch64.whl", hash = "sha256:cd02a7bf1a21a8735228a3e8c95a9dc5cf86bd2a52194f4aaae2a5755b4de0f4", size = 10100494, upload-time = "2026-09-03T16:57:09.194Z" },
    { url = "https://files.pythonhosted.org/packages/d9/e8/b81a22d9b90c00b892ccf2fa2ac36fa95de4c13ab85aea3e73795cfe4651/ruff-0.16.6-py3-none-musllinux_1_2_armv7l.whl", hash = "sha256:31b36f1e5ad85e0737f09d2be4e512e2e283583c14015da3b9dc07359ac0fc88", size = 9843663, upload-time = "2026-09-03T16:57:12.168Z" },
    { url = "https://files.pythonhosted.org/packages/39/aa/54f516ec5e5a11c4afdceb1c454ebb054ffb96e4f4a1705580b4346abd35/ruff-0.16.6-py3-none-musllinux_1_2_i686.whl", hash = "sha256:61029b4ab4aa723fd3064fab96b1d814492596bf0c792679fffcbde1e1679953", size = 10282461, upload-time = "2026-09-03T16:57:15.077Z" },
    { url = "https://files.pythonhosted.org/packages/52/0b/38d0aa8aa32372b96dc44f97b22e576c4147808271aab7b2cb1e353d4445/ruff-0.16.6-py3-none-musllinux_1_2_x86_64.whl", hash = "sha256:9ac8998457832c2061709d900856b7ad271dace0cb41f346588d540162bfa718", size = 10728808, upload-time = "2026-09-03T16:57:17.797Z" },
    { url = "https://files.pythonhosted.org/packages/5e/e5/9e274e24eeb027640ffc7442f21239f16d17f47acec15ae34f32e03a5c79/ruff-0.16.6-py3-none-win32.whl", hash = "sha256:0b87d9d16fcb63e8018423ca1d50b7260f15cb2da33e30db4baad4183a948c25", size = 10049212, upload-time = "2026-09-03T16:57:20.55Z" },
    { url = "https://files.pythonhosted.org/packages/22/31/72472449414223ed1a2da236b992adbb1a2ae59e34794574810f60ce068e/ruff-0.16.6-py3-none-win_amd64.whl", hash = "sha256:10d21c51c3495d8eaea7b703a16592117ea6eb1d649e36335aa965ff1173eb39", size = 10556402, upload-time = "2026-09-03T16:57:23.501Z" },
    { url = "https://files.pythonhosted.org/packages/fc/07/d781f8f8e1ac24bef9f3269cf62ffb1407ca24c3a8f12e5e22874f90528c/ruff-0.16.6-py3-none-win_arm64.whl", hash = "sha256:7a976c79b958f94e50a022a19f0f8c87387448020935ec14fc74331bd0a7f2c5", size = 10412850, upload-time = "2026-09-03T16:57:26.416Z" },
]

[[package]]
name = "structlog"
version = "26.1.0"
source = { registry = "https://pypi.org/simple" }
sdist = { url = "https://files.pythonhosted.org/packages/5e/89/b4a0bcfdf4f71a3dea31379f095929613d7e4528a0996bca6aa964cd0dca/structlog-26.1.0.tar.gz", hash = "sha256:f63a716cbd1b1291cf7661de7794b455acfa4c43c5bcf1630e6ad5ddc1adb3b7", size = 1459881, upload-time = "2026-06-06T07:33:39.348Z" }
wheels = [
    { url = "https://files.pythonhosted.org/packages/a9/18/489c97b834dfff9cf2fc2507cede4bcd4b11e67f84bc462acd1992496f86/structlog-26.1.0-py3-none-any.whl", hash = "sha256:e081a26d6c373e6d201eca24eede26d8ffab07f88f477822e679183428d3d91e", size = 73764, upload-time = "2026-06-06T07:33:38.046Z" },
]

[[package]]
name = "tomli"
version = "2.4.1"
source = { registry = "https://pypi.org/simple" }
sdist = { url = "https://files.pythonhosted.org/packages/22/de/48c59722572767841493b26183a0d1cc411d54fd759c5607c4590b6563a6/tomli-2.4.1.tar.gz", hash = "sha256:7c7e1a961a0b2f2472c1ac5b69affa0ae1132c39adcb67aba98568702b9cc23f", size = 17543, upload-time = "2026-03-25T20:22:03.828Z" }
wheels = [
    { url = "https://files.pythonhosted.org/packages/c1/ba/42f134a3fe2b370f555f44b1d72feebb94debcab01676bf918d0cb70e9aa/tomli-2.4.1-cp312-cp312-macosx_10_13_x86_64.whl", hash = "sha256:c742f741d58a28940ce01d58f0ab2ea3ced8b12402f162f4d534dfe18ba1cd6a", size = 155924, upload-time = "2026-03-25T20:21:21.626Z" },
    { url = "https://files.pythonhosted.org/packages/dc/c7/62d7a17c26487ade21c5422b646110f2162f1fcc95980ef7f63e73c68f14/tomli-2.4.1-cp312-cp312-macosx_11_0_arm64.whl", hash = "sha256:7f86fd587c4ed9dd76f318225e7d9b29cfc5a9d43de44e5754db8d1128487085", size = 150018, upload-time = "2026-03-25T20:21:23.002Z" },
    { url = "https://files.pythonhosted.org/packages/5c/05/79d13d7c15f13bdef410bdd49a6485b1c37d28968314eabee452c22a7fda/tomli-2.4.1-cp312-cp312-manylinux2014_aarch64.manylinux_2_17_aarch64.manylinux_2_28_aarch64.whl", hash = "sha256:ff18e6a727ee0ab0388507b89d1bc6a22b138d1e2fa56d1ad494586d61d2eae9", size = 244948, upload-time = "2026-03-25T20:21:24.04Z" },
    { url = "https://files.pythonhosted.org/packages/10/90/d62ce007a1c80d0b2c93e02cab211224756240884751b94ca72df8a875ca/tomli-2.4.1-cp312-cp312-manylinux2014_x86_64.manylinux_2_17_x86_64.manylinux_2_28_x86_64.whl", hash = "sha256:136443dbd7e1dee43c68ac2694fde36b2849865fa258d39bf822c10e8068eac5", size = 253341, upload-time = "2026-03-25T20:21:25.177Z" },
    { url = "https://files.pythonhosted.org/packages/1a/7e/caf6496d60152ad4ed09282c1885cca4eea150bfd007da84aea07bcc0a3e/tomli-2.4.1-cp312-cp312-musllinux_1_2_aarch64.whl", hash = "sha256:5e262d41726bc187e69af7825504c933b6794dc3fbd5945e41a79bb14c31f585", size = 248159, upload-time = "2026-03-25T20:21:26.364Z" },
    { url = "https://files.pythonhosted.org/packages/99/e7/c6f69c3120de34bbd882c6fba7975f3d7a746e9218e56ab46a1bc4b42552/tomli-2.4.1-cp312-cp312-musllinux_1_2_x86_64.whl", hash = "sha256:5cb41aa38891e073ee49d55fbc7839cfdb2bc0e600add13874d048c94aadddd1", size = 253290, upload-time = "2026-03-25T20:21:27.46Z" },
    { url = "https://files.pythonhosted.org/packages/d6/2f/4a3c322f22c5c66c4b836ec58211641a4067364f5dcdd7b974b4c5da300c/tomli-2.4.1-cp312-cp312-win32.whl", hash = "sha256:da25dc3563bff5965356133435b757a795a17b17d01dbc0f42fb32447ddfd917", size = 98141, upload-time = "2026-03-25T20:21:28.492Z" },
    { url = "https://files.pythonhosted.org/packages/24/22/4daacd05391b92c55759d55eaee21e1dfaea86ce5c571f10083360adf534/tomli-2.4.1-cp312-cp312-win_amd64.whl", hash = "sha256:52c8ef851d9a240f11a88c003eacb03c31fc1c9c4ec64a99a0f922b93874fda9", size = 108847, upload-time = "2026-03-25T20:21:29.386Z" },
    { url = "https://files.pythonhosted.org/packages/68/fd/70e768887666ddd9e9f5d85129e84910f2db2796f9096aa02b721a53098d/tomli-2.4.1-cp312-cp312-win_arm64.whl", hash = "sha256:f758f1b9299d059cc3f6546ae2af89670cb1c4d48ea29c3cacc4fe7de3058257", size = 95088, upload-time = "2026-03-25T20:21:30.677Z" },
    { url = "https://files.pythonhosted.org/packages/7b/61/cceae43728b7de99d9b847560c262873a1f6c98202171fd5ed62640b494b/tomli-2.4.1-py3-none-any.whl", hash = "sha256:0d85819802132122da43cb86656f8d1f8c6587d54ae7dcaf30e90533028b49fe", size = 14583, upload-time = "2026-03-25T20:22:03.012Z" },
]

[[package]]
name = "typing-extensions"
version = "4.16.0"
source = { registry = "https://pypi.org/simple" }
sdist = { url = "https://files.pythonhosted.org/packages/f6/cc/6253133b5bb138fc3306cebfbda2c520f545d36b5be2c7255cc528bb45d6/typing_extensions-4.16.0.tar.gz", hash = "sha256:dc983d19a509c94dba722ee6abd33940f7c05a89e243c47e907eb4db6f1a43e5", size = 113555, upload-time = "2026-07-02T08:40:05.92Z" }
wheels = [
    { url = "https://files.pythonhosted.org/packages/49/d3/b8441a820a491ddfc024b0b0cf0393375b75ea13866d9c66727e54c2fc80/typing_extensions-4.16.0-py3-none-any.whl", hash = "sha256:481caa481374e813c1b176ada14e97f1f67a4539ce9cfeb3f350d78d6370c2e8", size = 45571, upload-time = "2026-07-02T08:40:04.659Z" },
]
